
Microsoft Visual Studio Solution File, Format Version 12.00
# Visual Studio 15
VisualStudioVersion = 15.0.28010.2003
MinimumVisualStudioVersion = 10.0.40219.1
Project("{FAE04EC0-301F-11D3-BF4B-00C04F79EFBC}") = "MiPrimerProyecto", "MiPrimerProyecto\MiPrimerProyecto.csproj", "{7776A1B4-D879-48B2-82FF-672068910F93}"
EndProject
Global
	GlobalSection(SolutionConfigurationPlatforms) = preSolution
		Debug|Any CPU = Debug|Any CPU
		Release|Any CPU = Release|Any CPU
	EndGlobalSection
	GlobalSection(ProjectConfigurationPlatforms) = postSolution
		{7776A1B4-D879-48B2-82FF-672068910F93}.Debug|Any CPU.ActiveCfg = Debug|Any CPU
		{7776A1B4-D879-48B2-82FF-672068910F93}.Debug|Any CPU.Build.0 = Debug|Any CPU
		{7776A1B4-D879-48B2-82FF-672068910F93}.Release|Any CPU.ActiveCfg = Release|Any CPU
		{7776A1B4-D879-48B2-82FF-672068910F93}.Release|Any CPU.Build.0 = Release|Any CPU
	EndGlobalSection
	GlobalSection(SolutionProperties) = preSolution
		HideSolutionNode = FALSE
	EndGlobalSection
	GlobalSection(ExtensibilityGlobals) = postSolution
		SolutionGuid = {A6200AB9-E5EE-400F-A7A2-C896F4F79290}
	EndGlobalSection
EndGlobal
